
Microsoft Visual Studio Solution File, Format Version 12.00
# Visual Studio 15
Project("{FAE04EC0-301F-11D3-BF4B-00C04F79EFBC}") = "Asp.netCoreMvcCrud", "Asp.netCoreMvcCrud.csproj", "{AF1743D0-4904-4F65-A2BB-E356FB6710F8}"
EndProject
Project("{E53339B2-1760-4266-BCC7-CA923CBCF16C}") = "docker-compose", "docker-compose.dcproj", "{4450863D-6966-4F98-A529-EF4AD6EDE854}"
EndProject
Global
	GlobalSection(SolutionConfigurationPlatforms) = preSolution
		Debug|Any CPU = Debug|Any CPU
		Release|Any CPU = Release|Any CPU
	EndGlobalSection
	GlobalSection(ProjectConfigurationPlatforms) = postSolution
		{AF1743D0-4904-4F65-A2BB-E356FB6710F8}.Debug|Any CPU.ActiveCfg = Debug|Any CPU
		{AF1743D0-4904-4F65-A2BB-E356FB6710F8}.Debug|Any CPU.Build.0 = Debug|Any CPU
		{AF1743D0-4904-4F65-A2BB-E356FB6710F8}.Release|Any CPU.ActiveCfg = Release|Any CPU
		{AF1743D0-4904-4F65-A2BB-E356FB6710F8}.Release|Any CPU.Build.0 = Release|Any CPU
		{4450863D-6966-4F98-A529-EF4AD6EDE854}.Debug|Any CPU.ActiveCfg = Debug|Any CPU
		{4450863D-6966-4F98-A529-EF4AD6EDE854}.Debug|Any CPU.Build.0 = Debug|Any CPU
		{4450863D-6966-4F98-A529-EF4AD6EDE854}.Release|Any CPU.ActiveCfg = Release|Any CPU
		{4450863D-6966-4F98-A529-EF4AD6EDE854}.Release|Any CPU.Build.0 = Release|Any CPU
	EndGlobalSection
EndGlobal
